
Microsoft Visual Studio Solution File, Format Version 12.00
# Visual Studio Version 17
VisualStudioVersion = 17.14.36518.9
MinimumVisualStudioVersion = 10.0.40219.1
Project("{2150E333-8FDC-42A3-9474-1A3956D46DE8}") = "Task0", "Task0", "{02EA681E-C7D8-13C7-8484-4AC65E1B71E8}"
EndProject
Project("{FAE04EC0-301F-11D3-BF4B-00C04F79EFBC}") = "Tyuiu.NazarovSV.Sprint2.Task0.V19.Lib", "Tyuiu.NazarovSV.Sprint2.Task0.V19.Lib\Tyuiu.NazarovSV.Sprint2.Task0.V19.Lib.csproj", "{18A06AF1-65FD-406C-9D6D-AEB889DBB838}"
EndProject
Project("{FAE04EC0-301F-11D3-BF4B-00C04F79EFBC}") = "Tyuiu.NazarovSV.Sprint2.Task0.V19.Test", "Tyuiu.NazarovSV.Sprint2.Task0.V19.Test\Tyuiu.NazarovSV.Sprint2.Task0.V19.Test.csproj", "{81B1C8C9-FB14-49D8-A8B9-DD007D0D67F2}"
EndProject
Project("{FAE04EC0-301F-11D3-BF4B-00C04F79EFBC}") = "Tyuiu.NazarovSV.Sprint2.Task0.V19", "Tyuiu.NazarovSV.Sprint2.Task0.V19\Tyuiu.NazarovSV.Sprint2.Task0.V19.csproj", "{72B3EA2B-5004-4269-91F0-B92E764DA451}"
EndProject
Project("{2150E333-8FDC-42A3-9474-1A3956D46DE8}") = "Task1", "Task1", "{656D2E66-2F6C-4308-9560-AED9C94B248D}"
EndProject
Project("{FAE04EC0-301F-11D3-BF4B-00C04F79EFBC}") = "Tyuiu.NazarovSV.Sprint2.Task1.V24", "Tyuiu.NazarovSV.Sprint2.Task1.V24\Tyuiu.NazarovSV.Sprint2.Task1.V24.csproj", "{09D5AAFC-55A4-49B5-9E0A-D7D7FBA8F42A}"
EndProject
Project("{FAE04EC0-301F-11D3-BF4B-00C04F79EFBC}") = "Tyuiu.NazarovSV.Sprint2.Task1.V24.Lib", "Tyuiu.NazarovSV.Sprint2.Task1.V24.Lib\Tyuiu.NazarovSV.Sprint2.Task1.V24.Lib.csproj", "{50D0285F-3957-43E6-9BCE-04687126C122}"
EndProject
Project("{FAE04EC0-301F-11D3-BF4B-00C04F79EFBC}") = "Tyuiu.NazarovSV.Sprint2.Task1.V24.Test", "Tyuiu.NazarovSV.Sprint2.Task1.V24.Test\Tyuiu.NazarovSV.Sprint2.Task1.V24.Test.csproj", "{39511C85-9EAE-452B-8CCA-DD96D6169E7D}"
EndProject
Project("{2150E333-8FDC-42A3-9474-1A3956D46DE8}") = "Task2", "Task2", "{1DAFB6D5-01D8-48A4-BC5E-C7A304CA1CD6}"
EndProject
Project("{FAE04EC0-301F-11D3-BF4B-00C04F79EFBC}") = "Tyuiu.NazarovSV.Sprint2.Task2.V8", "Tyuiu.NazarovSV.Sprint2.Task2.V8\Tyuiu.NazarovSV.Sprint2.Task2.V8.csproj", "{48DC34BE-2D98-4D63-BE46-FAB76D556FFE}"
EndProject
Project("{FAE04EC0-301F-11D3-BF4B-00C04F79EFBC}") = "Tyuiu.NazarovSV.Sprint2.Task2.V8.Lib", "Tyuiu.NazarovSV.Sprint2.Task2.V8.Lib\Tyuiu.NazarovSV.Sprint2.Task2.V8.Lib.csproj", "{AEF4D126-F8DE-4E26-BE13-AE71CE00C308}"
EndProject
Project("{FAE04EC0-301F-11D3-BF4B-00C04F79EFBC}") = "Tyuiu.NazarovSV.Sprint2.Task2.V8.Test", "Tyuiu.NazarovSV.Sprint2.Task2.V8.Test\Tyuiu.NazarovSV.Sprint2.Task2.V8.Test.csproj", "{0D927145-7177-437B-8DAD-82EEC789498C}"
EndProject
Project("{2150E333-8FDC-42A3-9474-1A3956D46DE8}") = "Task3", "Task3", "{43850DA7-6E6C-41F6-9B5D-06692A15E1EF}"
EndProject
Project("{FAE04EC0-301F-11D3-BF4B-00C04F79EFBC}") = "Tyuiu.NazarovSV.Sprint2.Task3.V11", "Tyuiu.NazarovSV.Sprint2.Task3.V11\Tyuiu.NazarovSV.Sprint2.Task3.V11.csproj", "{3F5E2DEA-E8F1-4D72-9E65-7CF525AD3A3A}"
EndProject
Project("{FAE04EC0-301F-11D3-BF4B-00C04F79EFBC}") = "Tyuiu.NazarovSV.Sprint2.Task3.V11.Lib", "Tyuiu.NazarovSV.Sprint2.Task3.V11.Lib\Tyuiu.NazarovSV.Sprint2.Task3.V11.Lib.csproj", "{8D394252-79AE-4393-9058-3FA0FD8CF2D1}"
EndProject
Project("{FAE04EC0-301F-11D3-BF4B-00C04F79EFBC}") = "Tyuiu.NazarovSV.Sprint2.Task3.V11.Test", "Tyuiu.NazarovSV.Sprint2.Task3.V11.Test\Tyuiu.NazarovSV.Sprint2.Task3.V11.Test.csproj", "{AA3F7133-6ADC-4A86-89D2-2D3CCF444C90}"
EndProject
Global
	GlobalSection(SolutionConfigurationPlatforms) = preSolution
		Debug|Any CPU = Debug|Any CPU
		Release|Any CPU = Release|Any CPU
	EndGlobalSection
	GlobalSection(ProjectConfigurationPlatforms) = postSolution
		{18A06AF1-65FD-406C-9D6D-AEB889DBB838}.Debug|Any CPU.ActiveCfg = Debug|Any CPU
		{18A06AF1-65FD-406C-9D6D-AEB889DBB838}.Debug|Any CPU.Build.0 = Debug|Any CPU
		{18A06AF1-65FD-406C-9D6D-AEB889DBB838}.Release|Any CPU.ActiveCfg = Release|Any CPU
		{18A06AF1-65FD-406C-9D6D-AEB889DBB838}.Release|Any CPU.Build.0 = Release|Any CPU
		{81B1C8C9-FB14-49D8-A8B9-DD007D0D67F2}.Debug|Any CPU.ActiveCfg = Debug|Any CPU
		{81B1C8C9-FB14-49D8-A8B9-DD007D0D67F2}.Debug|Any CPU.Build.0 = Debug|Any CPU
		{81B1C8C9-FB14-49D8-A8B9-DD007D0D67F2}.Release|Any CPU.ActiveCfg = Release|Any CPU
		{81B1C8C9-FB14-49D8-A8B9-DD007D0D67F2}.Release|Any CPU.Build.0 = Release|Any CPU
		{72B3EA2B-5004-4269-91F0-B92E764DA451}.Debug|Any CPU.ActiveCfg = Debug|Any CPU
		{72B3EA2B-5004-4269-91F0-B92E764DA451}.Debug|Any CPU.Build.0 = Debug|Any CPU
		{72B3EA2B-5004-4269-91F0-B92E764DA451}.Release|Any CPU.ActiveCfg = Release|Any CPU
		{72B3EA2B-5004-4269-91F0-B92E764DA451}.Release|Any CPU.Build.0 = Release|Any CPU
		{09D5AAFC-55A4-49B5-9E0A-D7D7FBA8F42A}.Debug|Any CPU.ActiveCfg = Debug|Any CPU
		{09D5AAFC-55A4-49B5-9E0A-D7D7FBA8F42A}.Debug|Any CPU.Build.0 = Debug|Any CPU
		{09D5AAFC-55A4-49B5-9E0A-D7D7FBA8F42A}.Release|Any CPU.ActiveCfg = Release|Any CPU
		{09D5AAFC-55A4-49B5-9E0A-D7D7FBA8F42A}.Release|Any CPU.Build.0 = Release|Any CPU
		{50D0285F-3957-43E6-9BCE-04687126C122}.Debug|Any CPU.ActiveCfg = Debug|Any CPU
		{50D0285F-3957-43E6-9BCE-04687126C122}.Debug|Any CPU.Build.0 = Debug|Any CPU
		{50D0285F-3957-43E6-9BCE-04687126C122}.Release|Any CPU.ActiveCfg = Release|Any CPU
		{50D0285F-3957-43E6-9BCE-04687126C122}.Release|Any CPU.Build.0 = Release|Any CPU
		{39511C85-9EAE-452B-8CCA-DD96D6169E7D}.Debug|Any CPU.ActiveCfg = Debug|Any CPU
		{39511C85-9EAE-452B-8CCA-DD96D6169E7D}.Debug|Any CPU.Build.0 = Debug|Any CPU
		{39511C85-9EAE-452B-8CCA-DD96D6169E7D}.Release|Any CPU.ActiveCfg = Release|Any CPU
		{39511C85-9EAE-452B-8CCA-DD96D6169E7D}.Release|Any CPU.Build.0 = Release|Any CPU
		{48DC34BE-2D98-4D63-BE46-FAB76D556FFE}.Debug|Any CPU.ActiveCfg = Debug|Any CPU
		{48DC34BE-2D98-4D63-BE46-FAB76D556FFE}.Debug|Any CPU.Build.0 = Debug|Any CPU
		{48DC34BE-2D98-4D63-BE46-FAB76D556FFE}.Release|Any CPU.ActiveCfg = Release|Any CPU
		{48DC34BE-2D98-4D63-BE46-FAB76D556FFE}.Release|Any CPU.Build.0 = Release|Any CPU
		{AEF4D126-F8DE-4E26-BE13-AE71CE00C308}.Debug|Any CPU.ActiveCfg = Debug|Any CPU
		{AEF4D126-F8DE-4E26-BE13-AE71CE00C308}.Debug|Any CPU.Build.0 = Debug|Any CPU
		{AEF4D126-F8DE-4E26-BE13-AE71CE00C308}.Release|Any CPU.ActiveCfg = Release|Any CPU
		{AEF4D126-F8DE-4E26-BE13-AE71CE00C308}.Release|Any CPU.Build.0 = Release|Any CPU
		{0D927145-7177-437B-8DAD-82EEC789498C}.Debug|Any CPU.ActiveCfg = Debug|Any CPU
		{0D927145-7177-437B-8DAD-82EEC789498C}.Debug|Any CPU.Build.0 = Debug|Any CPU
		{0D927145-7177-437B-8DAD-82EEC789498C}.Release|Any CPU.ActiveCfg = Release|Any CPU
		{0D927145-7177-437B-8DAD-82EEC789498C}.Release|Any CPU.Build.0 = Release|Any CPU
		{3F5E2DEA-E8F1-4D72-9E65-7CF525AD3A3A}.Debug|Any CPU.ActiveCfg = Debug|Any CPU
		{3F5E2DEA-E8F1-4D72-9E65-7CF525AD3A3A}.Debug|Any CPU.Build.0 = Debug|Any CPU
		{3F5E2DEA-E8F1-4D72-9E65-7CF525AD3A3A}.Release|Any CPU.ActiveCfg = Release|Any CPU
		{3F5E2DEA-E8F1-4D72-9E65-7CF525AD3A3A}.Release|Any CPU.Build.0 = Release|Any CPU
		{8D394252-79AE-4393-9058-3FA0FD8CF2D1}.Debug|Any CPU.ActiveCfg = Debug|Any CPU
		{8D394252-79AE-4393-9058-3FA0FD8CF2D1}.Debug|Any CPU.Build.0 = Debug|Any CPU
		{8D394252-79AE-4393-9058-3FA0FD8CF2D1}.Release|Any CPU.ActiveCfg = Release|Any CPU
		{8D394252-79AE-4393-9058-3FA0FD8CF2D1}.Release|Any CPU.Build.0 = Release|Any CPU
		{AA3F7133-6ADC-4A86-89D2-2D3CCF444C90}.Debug|Any CPU.ActiveCfg = Debug|Any CPU
		{AA3F7133-6ADC-4A86-89D2-2D3CCF444C90}.Debug|Any CPU.Build.0 = Debug|Any CPU
		{AA3F7133-6ADC-4A86-89D2-2D3CCF444C90}.Release|Any CPU.ActiveCfg = Release|Any CPU
		{AA3F7133-6ADC-4A86-89D2-2D3CCF444C90}.Release|Any CPU.Build.0 = Release|Any CPU
	EndGlobalSection
	GlobalSection(SolutionProperties) = preSolution
		HideSolutionNode = FALSE
	EndGlobalSection
	GlobalSection(NestedProjects) = preSolution
		{18A06AF1-65FD-406C-9D6D-AEB889DBB838} = {02EA681E-C7D8-13C7-8484-4AC65E1B71E8}
		{81B1C8C9-FB14-49D8-A8B9-DD007D0D67F2} = {02EA681E-C7D8-13C7-8484-4AC65E1B71E8}
		{72B3EA2B-5004-4269-91F0-B92E764DA451} = {02EA681E-C7D8-13C7-8484-4AC65E1B71E8}
		{09D5AAFC-55A4-49B5-9E0A-D7D7FBA8F42A} = {656D2E66-2F6C-4308-9560-AED9C94B248D}
		{50D0285F-3957-43E6-9BCE-04687126C122} = {656D2E66-2F6C-4308-9560-AED9C94B248D}
		{39511C85-9EAE-452B-8CCA-DD96D6169E7D} = {656D2E66-2F6C-4308-9560-AED9C94B248D}
		{48DC34BE-2D98-4D63-BE46-FAB76D556FFE} = {1DAFB6D5-01D8-48A4-BC5E-C7A304CA1CD6}
		{AEF4D126-F8DE-4E26-BE13-AE71CE00C308} = {1DAFB6D5-01D8-48A4-BC5E-C7A304CA1CD6}
		{0D927145-7177-437B-8DAD-82EEC789498C} = {1DAFB6D5-01D8-48A4-BC5E-C7A304CA1CD6}
		{3F5E2DEA-E8F1-4D72-9E65-7CF525AD3A3A} = {43850DA7-6E6C-41F6-9B5D-06692A15E1EF}
		{8D394252-79AE-4393-9058-3FA0FD8CF2D1} = {43850DA7-6E6C-41F6-9B5D-06692A15E1EF}
		{AA3F7133-6ADC-4A86-89D2-2D3CCF444C90} = {43850DA7-6E6C-41F6-9B5D-06692A15E1EF}
	EndGlobalSection
	GlobalSection(ExtensibilityGlobals) = postSolution
		SolutionGuid = {B9A0A0E0-B927-433D-978F-6E3A98CFBA2E}
	EndGlobalSection
EndGlobal
